// !$*UTF8*$!
{
	archiveVersion = 1;
	classes = {
	};
	objectVersion = 46;
	objects = {

/* Begin PBXBuildFile section */
		C1830D981944E02100F901C3 /* UploadOptionViewController.m in Sources */ = {isa = PBXBuildFile; fileRef = C1830D961944E02100F901C3 /* UploadOptionViewController.m */; };
		C1830D991944E02100F901C3 /* UploadOptionViewController.xib in Resources */ = {isa = PBXBuildFile; fileRef = C1830D971944E02100F901C3 /* UploadOptionViewController.xib */; };
		C1830D9D1944E04A00F901C3 /* SessionViewController.m in Sources */ = {isa = PBXBuildFile; fileRef = C1830D9B1944E04A00F901C3 /* SessionViewController.m */; };
		C1830D9E1944E04A00F901C3 /* SessionViewController.xib in Resources */ = {isa = PBXBuildFile; fileRef = C1830D9C1944E04A00F901C3 /* SessionViewController.xib */; };
		C1830DA21944F00000F901C3 /* CustomNavViewController.m in Sources */ = {isa = PBXBuildFile; fileRef = C1830DA11944F00000F901C3 /* CustomNavViewController.m */; };
		C1A912E1194D4E1500779FE7 /* FavoritesTableViewController.m in Sources */ = {isa = PBXBuildFile; fileRef = C1A912DF194D4E1500779FE7 /* FavoritesTableViewController.m */; };
		C1A912E2194D4E1500779FE7 /* FavoritesTableViewController.xib in Resources */ = {isa = PBXBuildFile; fileRef = C1A912E0194D4E1500779FE7 /* FavoritesTableViewController.xib */; };
		C1A9E1D419466D4B00F3FB72 /* SubmitViewController.m in Sources */ = {isa = PBXBuildFile; fileRef = C1A9E1D319466D4B00F3FB72 /* SubmitViewController.m */; };
		C1A9E1D919467DED00F3FB72 /* CustomScrollView.m in Sources */ = {isa = PBXBuildFile; fileRef = C1A9E1D819467DED00F3FB72 /* CustomScrollView.m */; };
		C1AACA5F1944CDCD001C1E5B /* Foundation.framework in Frameworks */ = {isa = PBXBuildFile; fileRef = C1AACA5E1944CDCD001C1E5B /* Foundation.framework */; };
		C1AACA611944CDCD001C1E5B /* CoreGraphics.framework in Frameworks */ = {isa = PBXBuildFile; fileRef = C1AACA601944CDCD001C1E5B /* CoreGraphics.framework */; };
		C1AACA631944CDCD001C1E5B /* UIKit.framework in Frameworks */ = {isa = PBXBuildFile; fileRef = C1AACA621944CDCD001C1E5B /* UIKit.framework */; };
		C1AACA691944CDCD001C1E5B /* InfoPlist.strings in Resources */ = {isa = PBXBuildFile; fileRef = C1AACA671944CDCD001C1E5B /* InfoPlist.strings */; };
		C1AACA6B1944CDCD001C1E5B /* main.m in Sources */ = {isa = PBXBuildFile; fileRef = C1AACA6A1944CDCD001C1E5B /* main.m */; };
		C1AACA6F1944CDCD001C1E5B /* AppDelegate.m in Sources */ = {isa = PBXBuildFile; fileRef = C1AACA6E1944CDCD001C1E5B /* AppDelegate.m */; };
		C1AACA711944CDCD001C1E5B /* Images.xcassets in Resources */ = {isa = PBXBuildFile; fileRef = C1AACA701944CDCD001C1E5B /* Images.xcassets */; };
		C1AACA781944CDCD001C1E5B /* XCTest.framework in Frameworks */ = {isa = PBXBuildFile; fileRef = C1AACA771944CDCD001C1E5B /* XCTest.framework */; };
		C1AACA791944CDCD001C1E5B /* Foundation.framework in Frameworks */ = {isa = PBXBuildFile; fileRef = C1AACA5E1944CDCD001C1E5B /* Foundation.framework */; };
		C1AACA7A1944CDCD001C1E5B /* UIKit.framework in Frameworks */ = {isa = PBXBuildFile; fileRef = C1AACA621944CDCD001C1E5B /* UIKit.framework */; };
		C1AACA821944CDCD001C1E5B /* InfoPlist.strings in Resources */ = {isa = PBXBuildFile; fileRef = C1AACA801944CDCD001C1E5B /* InfoPlist.strings */; };
		C1AACA841944CDCD001C1E5B /* UTASnapsTests.m in Sources */ = {isa = PBXBuildFile; fileRef = C1AACA831944CDCD001C1E5B /* UTASnapsTests.m */; };
		C1AB0BF11947A59800F1C786 /* AudioToolbox.framework in Frameworks */ = {isa = PBXBuildFile; fileRef = C1AB0BF01947A59800F1C786 /* AudioToolbox.framework */; };
		C1AB0BF31947A5A000F1C786 /* CFNetwork.framework in Frameworks */ = {isa = PBXBuildFile; fileRef = C1AB0BF21947A5A000F1C786 /* CFNetwork.framework */; };
		C1AB0BF51947A5AC00F1C786 /* CoreLocation.framework in Frameworks */ = {isa = PBXBuildFile; fileRef = C1AB0BF41947A5AC00F1C786 /* CoreLocation.framework */; };
		C1AB0BF71947A5B200F1C786 /* libz.dylib in Frameworks */ = {isa = PBXBuildFile; fileRef = C1AB0BF61947A5B200F1C786 /* libz.dylib */; };
		C1AB0BF91947A5B800F1C786 /* MobileCoreServices.framework in Frameworks */ = {isa = PBXBuildFile; fileRef = C1AB0BF81947A5B800F1C786 /* MobileCoreServices.framework */; };
		C1AB0BFB1947A5BE00F1C786 /* Security.framework in Frameworks */ = {isa = PBXBuildFile; fileRef = C1AB0BFA1947A5BE00F1C786 /* Security.framework */; };
		C1AB0BFD1947A5C400F1C786 /* StoreKit.framework in Frameworks */ = {isa = PBXBuildFile; fileRef = C1AB0BFC1947A5C400F1C786 /* StoreKit.framework */; };
		C1AB0BFF1947A5CB00F1C786 /* SystemConfiguration.framework in Frameworks */ = {isa = PBXBuildFile; fileRef = C1AB0BFE1947A5CB00F1C786 /* SystemConfiguration.framework */; };
		C1AB0C021947A5FD00F1C786 /* ParseInfo.m in Sources */ = {isa = PBXBuildFile; fileRef = C1AB0C011947A5FD00F1C786 /* ParseInfo.m */; };
		C1AB0C041947A65000F1C786 /* Parse.framework in Frameworks */ = {isa = PBXBuildFile; fileRef = C1AB0C031947A65000F1C786 /* Parse.framework */; };
		C1AB0C0A1947B0D900F1C786 /* LoginViewController.m in Sources */ = {isa = PBXBuildFile; fileRef = C1AB0C081947B0D900F1C786 /* LoginViewController.m */; };
		C1AB0C0B1947B0D900F1C786 /* LoginViewController.xib in Resources */ = {isa = PBXBuildFile; fileRef = C1AB0C091947B0D900F1C786 /* LoginViewController.xib */; };
		C1AB0C101947B8E600F1C786 /* ProfileViewController.m in Sources */ = {isa = PBXBuildFile; fileRef = C1AB0C0E1947B8E600F1C786 /* ProfileViewController.m */; };
		C1AB0C111947B8E600F1C786 /* ProfileViewController.xib in Resources */ = {isa = PBXBuildFile; fileRef = C1AB0C0F1947B8E600F1C786 /* ProfileViewController.xib */; };
		C1ABB46619463EC60001927F /* doge.jpg in Resources */ = {isa = PBXBuildFile; fileRef = C1ABB46519463EC60001927F /* doge.jpg */; };
		C1B2366B194CE66100F44730 /* ChangePasswordViewController.m in Sources */ = {isa = PBXBuildFile; fileRef = C1B23669194CE66100F44730 /* ChangePasswordViewController.m */; };
		C1B2366C194CE66100F44730 /* ChangePasswordViewController.xib in Resources */ = {isa = PBXBuildFile; fileRef = C1B2366A194CE66100F44730 /* ChangePasswordViewController.xib */; };
		C1B23671194CF31200F44730 /* EditProfileViewController.m in Sources */ = {isa = PBXBuildFile; fileRef = C1B2366F194CF31200F44730 /* EditProfileViewController.m */; };
		C1B23672194CF31200F44730 /* EditProfileViewController.xib in Resources */ = {isa = PBXBuildFile; fileRef = C1B23670194CF31200F44730 /* EditProfileViewController.xib */; };
		C1B324841946CB3F005AEEBD /* AddTextViewController.m in Sources */ = {isa = PBXBuildFile; fileRef = C1B324821946CB3F005AEEBD /* AddTextViewController.m */; };
		C1B324851946CB3F005AEEBD /* AddTextViewController.xib in Resources */ = {isa = PBXBuildFile; fileRef = C1B324831946CB3F005AEEBD /* AddTextViewController.xib */; };
		C1B6458C194514C40029E166 /* CustomButton.m in Sources */ = {isa = PBXBuildFile; fileRef = C1B6458B194514C40029E166 /* CustomButton.m */; };
		C1BD1389194BF39F00940C6D /* SnapContainer.m in Sources */ = {isa = PBXBuildFile; fileRef = C1BD1388194BF39F00940C6D /* SnapContainer.m */; };
		C1BD138E194BF3B300940C6D /* Footer.m in Sources */ = {isa = PBXBuildFile; fileRef = C1BD138C194BF3B300940C6D /* Footer.m */; };
		C1BD138F194BF3B300940C6D /* Footer.xib in Resources */ = {isa = PBXBuildFile; fileRef = C1BD138D194BF3B300940C6D /* Footer.xib */; };
		C1BD1394194BF3C500940C6D /* CollectionCell.xib in Resources */ = {isa = PBXBuildFile; fileRef = C1BD1392194BF3C500940C6D /* CollectionCell.xib */; };
		C1BD1395194BF3C500940C6D /* CollectionCell.m in Sources */ = {isa = PBXBuildFile; fileRef = C1BD1393194BF3C500940C6D /* CollectionCell.m */; };
		C1BD139A194BF3D500940C6D /* CollectionViewController.m in Sources */ = {isa = PBXBuildFile; fileRef = C1BD1398194BF3D500940C6D /* CollectionViewController.m */; };
		C1BD139B194BF3D500940C6D /* CollectionViewController.xib in Resources */ = {isa = PBXBuildFile; fileRef = C1BD1399194BF3D500940C6D /* CollectionViewController.xib */; };
		C1BD139D194BF3DA00940C6D /* placeholder.jpg in Resources */ = {isa = PBXBuildFile; fileRef = C1BD139C194BF3DA00940C6D /* placeholder.jpg */; };
		C1BD13A6194BF8A000940C6D /* ImagePopupViewController.m in Sources */ = {isa = PBXBuildFile; fileRef = C1BD13A5194BF8A000940C6D /* ImagePopupViewController.m */; };
		C1E4F7C019457EF1003510DD /* SignupViewController.m in Sources */ = {isa = PBXBuildFile; fileRef = C1E4F7BE19457EF1003510DD /* SignupViewController.m */; };
		C1E4F7C119457EF1003510DD /* SignupViewController.xib in Resources */ = {isa = PBXBuildFile; fileRef = C1E4F7BF19457EF1003510DD /* SignupViewController.xib */; };
/* End PBXBuildFile section */

/* Begin PBXContainerItemProxy section */
		C1AACA7B1944CDCD001C1E5B /* PBXContainerItemProxy */ = {
			isa = PBXContainerItemProxy;
			containerPortal = C1AACA531944CDCD001C1E5B /* Project object */;
			proxyType = 1;
			remoteGlobalIDString = C1AACA5A1944CDCD001C1E5B;
			remoteInfo = UTASnaps;
		};
/* End PBXContainerItemProxy section */

/* Begin PBXFileReference section */
		C1830D951944E02100F901C3 /* UploadOptionViewController.h */ = {isa = PBXFileReference; fileEncoding = 4; lastKnownFileType = sourcecode.c.h; path = UploadOptionViewController.h; sourceTree = "<group>"; };
		C1830D961944E02100F901C3 /* UploadOptionViewController.m */ = {isa = PBXFileReference; fileEncoding = 4; lastKnownFileType = sourcecode.c.objc; path = UploadOptionViewController.m; sourceTree = "<group>"; };
		C1830D971944E02100F901C3 /* UploadOptionViewController.xib */ = {isa = PBXFileReference; fileEncoding = 4; lastKnownFileType = file.xib; path = UploadOptionViewController.xib; sourceTree = "<group>"; };
		C1830D9A1944E04A00F901C3 /* SessionViewController.h */ = {isa = PBXFileReference; fileEncoding = 4; lastKnownFileType = sourcecode.c.h; path = SessionViewController.h; sourceTree = "<group>"; };
		C1830D9B1944E04A00F901C3 /* SessionViewController.m */ = {isa = PBXFileReference; fileEncoding = 4; lastKnownFileType = sourcecode.c.objc; path = SessionViewController.m; sourceTree = "<group>"; };
		C1830D9C1944E04A00F901C3 /* SessionViewController.xib */ = {isa = PBXFileReference; fileEncoding = 4; lastKnownFileType = file.xib; path = SessionViewController.xib; sourceTree = "<group>"; };
		C1830DA01944F00000F901C3 /* CustomNavViewController.h */ = {isa = PBXFileReference; fileEncoding = 4; lastKnownFileType = sourcecode.c.h; path = CustomNavViewController.h; sourceTree = "<group>"; };
		C1830DA11944F00000F901C3 /* CustomNavViewController.m */ = {isa = PBXFileReference; fileEncoding = 4; lastKnownFileType = sourcecode.c.objc; path = CustomNavViewController.m; sourceTree = "<group>"; };
		C1A912DE194D4E1500779FE7 /* FavoritesTableViewController.h */ = {isa = PBXFileReference; fileEncoding = 4; lastKnownFileType = sourcecode.c.h; path = FavoritesTableViewController.h; sourceTree = "<group>"; };
		C1A912DF194D4E1500779FE7 /* FavoritesTableViewController.m */ = {isa = PBXFileReference; fileEncoding = 4; lastKnownFileType = sourcecode.c.objc; path = FavoritesTableViewController.m; sourceTree = "<group>"; };
		C1A912E0194D4E1500779FE7 /* FavoritesTableViewController.xib */ = {isa = PBXFileReference; fileEncoding = 4; lastKnownFileType = file.xib; path = FavoritesTableViewController.xib; sourceTree = "<group>"; };
		C1A9E1D219466D4B00F3FB72 /* SubmitViewController.h */ = {isa = PBXFileReference; fileEncoding = 4; lastKnownFileType = sourcecode.c.h; path = SubmitViewController.h; sourceTree = "<group>"; };
		C1A9E1D319466D4B00F3FB72 /* SubmitViewController.m */ = {isa = PBXFileReference; fileEncoding = 4; lastKnownFileType = sourcecode.c.objc; path = SubmitViewController.m; sourceTree = "<group>"; };
		C1A9E1D719467DED00F3FB72 /* CustomScrollView.h */ = {isa = PBXFileReference; fileEncoding = 4; lastKnownFileType = sourcecode.c.h; path = CustomScrollView.h; sourceTree = "<group>"; };
		C1A9E1D819467DED00F3FB72 /* CustomScrollView.m */ = {isa = PBXFileReference; fileEncoding = 4; lastKnownFileType = sourcecode.c.objc; path = CustomScrollView.m; sourceTree = "<group>"; };
		C1AACA5B1944CDCD001C1E5B /* UTASnaps.app */ = {isa = PBXFileReference; explicitFileType = wrapper.application; includeInIndex = 0; path = UTASnaps.app; sourceTree = BUILT_PRODUCTS_DIR; };
		C1AACA5E1944CDCD001C1E5B /* Foundation.framework */ = {isa = PBXFileReference; lastKnownFileType = wrapper.framework; name = Foundation.framework; path = System/Library/Frameworks/Foundation.framework; sourceTree = SDKROOT; };
		C1AACA601944CDCD001C1E5B /* CoreGraphics.framework */ = {isa = PBXFileReference; lastKnownFileType = wrapper.framework; name = CoreGraphics.framework; path = System/Library/Frameworks/CoreGraphics.framework; sourceTree = SDKROOT; };
		C1AACA621944CDCD001C1E5B /* UIKit.framework */ = {isa = PBXFileReference; lastKnownFileType = wrapper.framework; name = UIKit.framework; path = System/Library/Frameworks/UIKit.framework; sourceTree = SDKROOT; };
		C1AACA661944CDCD001C1E5B /* UTASnaps-Info.plist */ = {isa = PBXFileReference; lastKnownFileType = text.plist.xml; path = "UTASnaps-Info.plist"; sourceTree = "<group>"; };
		C1AACA681944CDCD001C1E5B /* en */ = {isa = PBXFileReference; lastKnownFileType = text.plist.strings; name = en; path = en.lproj/InfoPlist.strings; sourceTree = "<group>"; };
		C1AACA6A1944CDCD001C1E5B /* main.m */ = {isa = PBXFileReference; lastKnownFileType = sourcecode.c.objc; path = main.m; sourceTree = "<group>"; };
		C1AACA6C1944CDCD001C1E5B /* UTASnaps-Prefix.pch */ = {isa = PBXFileReference; lastKnownFileType = sourcecode.c.h; path = "UTASnaps-Prefix.pch"; sourceTree = "<group>"; };
		C1AACA6D1944CDCD001C1E5B /* AppDelegate.h */ = {isa = PBXFileReference; lastKnownFileType = sourcecode.c.h; path = AppDelegate.h; sourceTree = "<group>"; };
		C1AACA6E1944CDCD001C1E5B /* AppDelegate.m */ = {isa = PBXFileReference; lastKnownFileType = sourcecode.c.objc; path = AppDelegate.m; sourceTree = "<group>"; };
		C1AACA701944CDCD001C1E5B /* Images.xcassets */ = {isa = PBXFileReference; lastKnownFileType = folder.assetcatalog; path = Images.xcassets; sourceTree = "<group>"; };
		C1AACA761944CDCD001C1E5B /* UTASnapsTests.xctest */ = {isa = PBXFileReference; explicitFileType = wrapper.cfbundle; includeInIndex = 0; path = UTASnapsTests.xctest; sourceTree = BUILT_PRODUCTS_DIR; };
		C1AACA771944CDCD001C1E5B /* XCTest.framework */ = {isa = PBXFileReference; lastKnownFileType = wrapper.framework; name = XCTest.framework; path = Library/Frameworks/XCTest.framework; sourceTree = DEVELOPER_DIR; };
		C1AACA7F1944CDCD001C1E5B /* UTASnapsTests-Info.plist */ = {isa = PBXFileReference; lastKnownFileType = text.plist.xml; path = "UTASnapsTests-Info.plist"; sourceTree = "<group>"; };
		C1AACA811944CDCD001C1E5B /* en */ = {isa = PBXFileReference; lastKnownFileType = text.plist.strings; name = en; path = en.lproj/InfoPlist.strings; sourceTree = "<group>"; };
		C1AACA831944CDCD001C1E5B /* UTASnapsTests.m */ = {isa = PBXFileReference; lastKnownFileType = sourcecode.c.objc; path = UTASnapsTests.m; sourceTree = "<group>"; };
		C1AB0BF01947A59800F1C786 /* AudioToolbox.framework */ = {isa = PBXFileReference; lastKnownFileType = wrapper.framework; name = AudioToolbox.framework; path = System/Library/Frameworks/AudioToolbox.framework; sourceTree = SDKROOT; };
		C1AB0BF21947A5A000F1C786 /* CFNetwork.framework */ = {isa = PBXFileReference; lastKnownFileType = wrapper.framework; name = CFNetwork.framework; path = System/Library/Frameworks/CFNetwork.framework; sourceTree = SDKROOT; };
		C1AB0BF41947A5AC00F1C786 /* CoreLocation.framework */ = {isa = PBXFileReference; lastKnownFileType = wrapper.framework; name = CoreLocation.framework; path = System/Library/Frameworks/CoreLocation.framework; sourceTree = SDKROOT; };
		C1AB0BF61947A5B200F1C786 /* libz.dylib */ = {isa = PBXFileReference; lastKnownFileType = "compiled.mach-o.dylib"; name = libz.dylib; path = usr/lib/libz.dylib; sourceTree = SDKROOT; };
		C1AB0BF81947A5B800F1C786 /* MobileCoreServices.framework */ = {isa = PBXFileReference; lastKnownFileType = wrapper.framework; name = MobileCoreServices.framework; path = System/Library/Frameworks/MobileCoreServices.framework; sourceTree = SDKROOT; };
		C1AB0BFA1947A5BE00F1C786 /* Security.framework */ = {isa = PBXFileReference; lastKnownFileType = wrapper.framework; name = Security.framework; path = System/Library/Frameworks/Security.framework; sourceTree = SDKROOT; };
		C1AB0BFC1947A5C400F1C786 /* StoreKit.framework */ = {isa = PBXFileReference; lastKnownFileType = wrapper.framework; name = StoreKit.framework; path = System/Library/Frameworks/StoreKit.framework; sourceTree = SDKROOT; };
		C1AB0BFE1947A5CB00F1C786 /* SystemConfiguration.framework */ = {isa = PBXFileReference; lastKnownFileType = wrapper.framework; name = SystemConfiguration.framework; path = System/Library/Frameworks/SystemConfiguration.framework; sourceTree = SDKROOT; };
		C1AB0C001947A5FD00F1C786 /* ParseInfo.h */ = {isa = PBXFileReference; fileEncoding = 4; lastKnownFileType = sourcecode.c.h; path = ParseInfo.h; sourceTree = "<group>"; };
		C1AB0C011947A5FD00F1C786 /* ParseInfo.m */ = {isa = PBXFileReference; fileEncoding = 4; lastKnownFileType = sourcecode.c.objc; path = ParseInfo.m; sourceTree = "<group>"; };
		C1AB0C031947A65000F1C786 /* Parse.framework */ = {isa = PBXFileReference; lastKnownFileType = wrapper.framework; path = Parse.framework; sourceTree = "<group>"; };
		C1AB0C071947B0D900F1C786 /* LoginViewController.h */ = {isa = PBXFileReference; fileEncoding = 4; lastKnownFileType = sourcecode.c.h; path = LoginViewController.h; sourceTree = "<group>"; };
		C1AB0C081947B0D900F1C786 /* LoginViewController.m */ = {isa = PBXFileReference; fileEncoding = 4; lastKnownFileType = sourcecode.c.objc; path = LoginViewController.m; sourceTree = "<group>"; };
		C1AB0C091947B0D900F1C786 /* LoginViewController.xib */ = {isa = PBXFileReference; fileEncoding = 4; lastKnownFileType = file.xib; path = LoginViewController.xib; sourceTree = "<group>"; };
		C1AB0C0D1947B8E600F1C786 /* ProfileViewController.h */ = {isa = PBXFileReference; fileEncoding = 4; lastKnownFileType = sourcecode.c.h; path = ProfileViewController.h; sourceTree = "<group>"; };
		C1AB0C0E1947B8E600F1C786 /* ProfileViewController.m */ = {isa = PBXFileReference; fileEncoding = 4; lastKnownFileType = sourcecode.c.objc; path = ProfileViewController.m; sourceTree = "<group>"; };
		C1AB0C0F1947B8E600F1C786 /* ProfileViewController.xib */ = {isa = PBXFileReference; fileEncoding = 4; lastKnownFileType = file.xib; path = ProfileViewController.xib; sourceTree = "<group>"; };
		C1ABB46519463EC60001927F /* doge.jpg */ = {isa = PBXFileReference; lastKnownFileType = image.jpeg; path = doge.jpg; sourceTree = "<group>"; };
		C1B23668194CE66100F44730 /* ChangePasswordViewController.h */ = {isa = PBXFileReference; fileEncoding = 4; lastKnownFileType = sourcecode.c.h; path = ChangePasswordViewController.h; sourceTree = "<group>"; };
		C1B23669194CE66100F44730 /* ChangePasswordViewController.m */ = {isa = PBXFileReference; fileEncoding = 4; lastKnownFileType = sourcecode.c.objc; path = ChangePasswordViewController.m; sourceTree = "<group>"; };
		C1B2366A194CE66100F44730 /* ChangePasswordViewController.xib */ = {isa = PBXFileReference; fileEncoding = 4; lastKnownFileType = file.xib; path = ChangePasswordViewController.xib; sourceTree = "<group>"; };
		C1B2366E194CF31200F44730 /* EditProfileViewController.h */ = {isa = PBXFileReference; fileEncoding = 4; lastKnownFileType = sourcecode.c.h; path = EditProfileViewController.h; sourceTree = "<group>"; };
		C1B2366F194CF31200F44730 /* EditProfileViewController.m */ = {isa = PBXFileReference; fileEncoding = 4; lastKnownFileType = sourcecode.c.objc; path = EditProfileViewController.m; sourceTree = "<group>"; };
		C1B23670194CF31200F44730 /* EditProfileViewController.xib */ = {isa = PBXFileReference; fileEncoding = 4; lastKnownFileType = file.xib; path = EditProfileViewController.xib; sourceTree = "<group>"; };
		C1B324811946CB3F005AEEBD /* AddTextViewController.h */ = {isa = PBXFileReference; fileEncoding = 4; lastKnownFileType = sourcecode.c.h; path = AddTextViewController.h; sourceTree = "<group>"; };
		C1B324821946CB3F005AEEBD /* AddTextViewController.m */ = {isa = PBXFileReference; fileEncoding = 4; lastKnownFileType = sourcecode.c.objc; path = AddTextViewController.m; sourceTree = "<group>"; };
		C1B324831946CB3F005AEEBD /* AddTextViewController.xib */ = {isa = PBXFileReference; fileEncoding = 4; lastKnownFileType = file.xib; path = AddTextViewController.xib; sourceTree = "<group>"; };
		C1B6458A194514C40029E166 /* CustomButton.h */ = {isa = PBXFileReference; fileEncoding = 4; lastKnownFileType = sourcecode.c.h; path = CustomButton.h; sourceTree = "<group>"; };
		C1B6458B194514C40029E166 /* CustomButton.m */ = {isa = PBXFileReference; fileEncoding = 4; lastKnownFileType = sourcecode.c.objc; path = CustomButton.m; sourceTree = "<group>"; };
		C1BD1387194BF39F00940C6D /* SnapContainer.h */ = {isa = PBXFileReference; fileEncoding = 4; lastKnownFileType = sourcecode.c.h; path = SnapContainer.h; sourceTree = "<group>"; };
		C1BD1388194BF39F00940C6D /* SnapContainer.m */ = {isa = PBXFileReference; fileEncoding = 4; lastKnownFileType = sourcecode.c.objc; path = SnapContainer.m; sourceTree = "<group>"; };
		C1BD138B194BF3B300940C6D /* Footer.h */ = {isa = PBXFileReference; fileEncoding = 4; lastKnownFileType = sourcecode.c.h; path = Footer.h; sourceTree = "<group>"; };
		C1BD138C194BF3B300940C6D /* Footer.m */ = {isa = PBXFileReference; fileEncoding = 4; lastKnownFileType = sourcecode.c.objc; path = Footer.m; sourceTree = "<group>"; };
		C1BD138D194BF3B300940C6D /* Footer.xib */ = {isa = PBXFileReference; fileEncoding = 4; lastKnownFileType = file.xib; path = Footer.xib; sourceTree = "<group>"; };
		C1BD1391194BF3C500940C6D /* CollectionCell.h */ = {isa = PBXFileReference; fileEncoding = 4; lastKnownFileType = sourcecode.c.h; path = CollectionCell.h; sourceTree = "<group>"; };
		C1BD1392194BF3C500940C6D /* CollectionCell.xib */ = {isa = PBXFileReference; fileEncoding = 4; lastKnownFileType = file.xib; path = CollectionCell.xib; sourceTree = "<group>"; };
		C1BD1393194BF3C500940C6D /* CollectionCell.m */ = {isa = PBXFileReference; fileEncoding = 4; lastKnownFileType = sourcecode.c.objc; path = CollectionCell.m; sourceTree = "<group>"; };
		C1BD1397194BF3D500940C6D /* CollectionViewController.h */ = {isa = PBXFileReference; fileEncoding = 4; lastKnownFileType = sourcecode.c.h; path = CollectionViewController.h; sourceTree = "<group>"; };
		C1BD1398194BF3D500940C6D /* CollectionViewController.m */ = {isa = PBXFileReference; fileEncoding = 4; lastKnownFileType = sourcecode.c.objc; path = CollectionViewController.m; sourceTree = "<group>"; };
		C1BD1399194BF3D500940C6D /* CollectionViewController.xib */ = {isa = PBXFileReference; fileEncoding = 4; lastKnownFileType = file.xib; path = CollectionViewController.xib; sourceTree = "<group>"; };
		C1BD139C194BF3DA00940C6D /* placeholder.jpg */ = {isa = PBXFileReference; lastKnownFileType = image.jpeg; path = placeholder.jpg; sourceTree = "<group>"; };
		C1BD13A4194BF8A000940C6D /* ImagePopupViewController.h */ = {isa = PBXFileReference; fileEncoding = 4; lastKnownFileType = sourcecode.c.h; path = ImagePopupViewController.h; sourceTree = "<group>"; };
		C1BD13A5194BF8A000940C6D /* ImagePopupViewController.m */ = {isa = PBXFileReference; fileEncoding = 4; lastKnownFileType = sourcecode.c.objc; path = ImagePopupViewController.m; sourceTree = "<group>"; };
		C1E4F7BD19457EF1003510DD /* SignupViewController.h */ = {isa = PBXFileReference; fileEncoding = 4; lastKnownFileType = sourcecode.c.h; path = SignupViewController.h; sourceTree = "<group>"; };
		C1E4F7BE19457EF1003510DD /* SignupViewController.m */ = {isa = PBXFileReference; fileEncoding = 4; lastKnownFileType = sourcecode.c.objc; path = SignupViewController.m; sourceTree = "<group>"; };
		C1E4F7BF19457EF1003510DD /* SignupViewController.xib */ = {isa = PBXFileReference; fileEncoding = 4; lastKnownFileType = file.xib; path = SignupViewController.xib; sourceTree = "<group>"; };
/* End PBXFileReference section */

/* Begin PBXFrameworksBuildPhase section */
		C1AACA581944CDCD001C1E5B /* Frameworks */ = {
			isa = PBXFrameworksBuildPhase;
			buildActionMask = 2147483647;
			files = (
				C1AB0BFF1947A5CB00F1C786 /* SystemConfiguration.framework in Frameworks */,
				C1AB0BFD1947A5C400F1C786 /* StoreKit.framework in Frameworks */,
				C1AB0BFB1947A5BE00F1C786 /* Security.framework in Frameworks */,
				C1AB0BF91947A5B800F1C786 /* MobileCoreServices.framework in Frameworks */,
				C1AB0BF71947A5B200F1C786 /* libz.dylib in Frameworks */,
				C1AB0BF51947A5AC00F1C786 /* CoreLocation.framework in Frameworks */,
				C1AACA611944CDCD001C1E5B /* CoreGraphics.framework in Frameworks */,
				C1AB0BF31947A5A000F1C786 /* CFNetwork.framework in Frameworks */,
				C1AB0BF11947A59800F1C786 /* AudioToolbox.framework in Frameworks */,
				C1AACA631944CDCD001C1E5B /* UIKit.framework in Frameworks */,
				C1AB0C041947A65000F1C786 /* Parse.framework in Frameworks */,
				C1AACA5F1944CDCD001C1E5B /* Foundation.framework in Frameworks */,
			);
			runOnlyForDeploymentPostprocessing = 0;
		};
		C1AACA731944CDCD001C1E5B /* Frameworks */ = {
			isa = PBXFrameworksBuildPhase;
			buildActionMask = 2147483647;
			files = (
				C1AACA781944CDCD001C1E5B /* XCTest.framework in Frameworks */,
				C1AACA7A1944CDCD001C1E5B /* UIKit.framework in Frameworks */,
				C1AACA791944CDCD001C1E5B /* Foundation.framework in Frameworks */,
			);
			runOnlyForDeploymentPostprocessing = 0;
		};
/* End PBXFrameworksBuildPhase section */

/* Begin PBXGroup section */
		C1830D8E1944DFC400F901C3 /* uploadvc */ = {
			isa = PBXGroup;
			children = (
				C1B324801946CB10005AEEBD /* addText */,
				C1E4F7C3194587A8003510DD /* submit */,
				C1E4F7C21945879B003510DD /* choices */,
			);
			name = uploadvc;
			sourceTree = "<group>";
		};
		C1830D8F1944DFD400F901C3 /* sessvc */ = {
			isa = PBXGroup;
			children = (
				C1AB0C0C1947B8D100F1C786 /* profilevc */,
				C1AB0C061947B0C200F1C786 /* loginvc */,
				C1AB0C051947AE6100F1C786 /* sessvc */,
				C1E4F7BC19457EDC003510DD /* signupvc */,
			);
			name = sessvc;
			sourceTree = "<group>";
		};
		C1830D9F1944EFD800F901C3 /* customnavcontroller */ = {
			isa = PBXGroup;
			children = (
				C1830DA01944F00000F901C3 /* CustomNavViewController.h */,
				C1830DA11944F00000F901C3 /* CustomNavViewController.m */,
			);
			name = customnavcontroller;
			sourceTree = "<group>";
		};
		C1A912DD194D4D8100779FE7 /* favoritesVc */ = {
			isa = PBXGroup;
			children = (
				C1A912DE194D4E1500779FE7 /* FavoritesTableViewController.h */,
				C1A912DF194D4E1500779FE7 /* FavoritesTableViewController.m */,
				C1A912E0194D4E1500779FE7 /* FavoritesTableViewController.xib */,
			);
			name = favoritesVc;
			sourceTree = "<group>";
		};
		C1A9E1D619467DD400F3FB72 /* customscrollview */ = {
			isa = PBXGroup;
			children = (
				C1A9E1D719467DED00F3FB72 /* CustomScrollView.h */,
				C1A9E1D819467DED00F3FB72 /* CustomScrollView.m */,
			);
			name = customscrollview;
			sourceTree = "<group>";
		};
		C1AACA521944CDCD001C1E5B = {
			isa = PBXGroup;
			children = (
				C1AACA641944CDCD001C1E5B /* UTASnaps */,
				C1AACA7D1944CDCD001C1E5B /* UTASnapsTests */,
				C1AACA5D1944CDCD001C1E5B /* Frameworks */,
				C1AACA5C1944CDCD001C1E5B /* Products */,
			);
			sourceTree = "<group>";
		};
		C1AACA5C1944CDCD001C1E5B /* Products */ = {
			isa = PBXGroup;
			children = (
				C1AACA5B1944CDCD001C1E5B /* UTASnaps.app */,
				C1AACA761944CDCD001C1E5B /* UTASnapsTests.xctest */,
			);
			name = Products;
			sourceTree = "<group>";
		};
		C1AACA5D1944CDCD001C1E5B /* Frameworks */ = {
			isa = PBXGroup;
			children = (
				C1AB0C031947A65000F1C786 /* Parse.framework */,
				C1AB0BFE1947A5CB00F1C786 /* SystemConfiguration.framework */,
				C1AB0BFC1947A5C400F1C786 /* StoreKit.framework */,
				C1AB0BFA1947A5BE00F1C786 /* Security.framework */,
				C1AB0BF81947A5B800F1C786 /* MobileCoreServices.framework */,
				C1AB0BF61947A5B200F1C786 /* libz.dylib */,
				C1AB0BF41947A5AC00F1C786 /* CoreLocation.framework */,
				C1AB0BF21947A5A000F1C786 /* CFNetwork.framework */,
				C1AB0BF01947A59800F1C786 /* AudioToolbox.framework */,
				C1AACA5E1944CDCD001C1E5B /* Foundation.framework */,
				C1AACA601944CDCD001C1E5B /* CoreGraphics.framework */,
				C1AACA621944CDCD001C1E5B /* UIKit.framework */,
				C1AACA771944CDCD001C1E5B /* XCTest.framework */,
			);
			name = Frameworks;
			sourceTree = "<group>";
		};
		C1AACA641944CDCD001C1E5B /* UTASnaps */ = {
			isa = PBXGroup;
			children = (
				C1ABB46519463EC60001927F /* doge.jpg */,
				C1BD139C194BF3DA00940C6D /* placeholder.jpg */,
				C1A9E1D619467DD400F3FB72 /* customscrollview */,
				C1B64589194514AE0029E166 /* custombtn */,
				C1830D9F1944EFD800F901C3 /* customnavcontroller */,
				C1830D8F1944DFD400F901C3 /* sessvc */,
				C1830D8E1944DFC400F901C3 /* uploadvc */,
				C1AACA8D1944CEA7001C1E5B /* imagesvc */,
				C1AACA6D1944CDCD001C1E5B /* AppDelegate.h */,
				C1AACA6E1944CDCD001C1E5B /* AppDelegate.m */,
				C1AB0C001947A5FD00F1C786 /* ParseInfo.h */,
				C1AB0C011947A5FD00F1C786 /* ParseInfo.m */,
				C1AACA701944CDCD001C1E5B /* Images.xcassets */,
				C1AACA651944CDCD001C1E5B /* Supporting Files */,
			);
			path = UTASnaps;
			sourceTree = "<group>";
		};
		C1AACA651944CDCD001C1E5B /* Supporting Files */ = {
			isa = PBXGroup;
			children = (
				C1AACA661944CDCD001C1E5B /* UTASnaps-Info.plist */,
				C1AACA671944CDCD001C1E5B /* InfoPlist.strings */,
				C1AACA6A1944CDCD001C1E5B /* main.m */,
				C1AACA6C1944CDCD001C1E5B /* UTASnaps-Prefix.pch */,
			);
			name = "Supporting Files";
			sourceTree = "<group>";
		};
		C1AACA7D1944CDCD001C1E5B /* UTASnapsTests */ = {
			isa = PBXGroup;
			children = (
				C1AACA831944CDCD001C1E5B /* UTASnapsTests.m */,
				C1AACA7E1944CDCD001C1E5B /* Supporting Files */,
			);
			path = UTASnapsTests;
			sourceTree = "<group>";
		};
		C1AACA7E1944CDCD001C1E5B /* Supporting Files */ = {
			isa = PBXGroup;
			children = (
				C1AACA7F1944CDCD001C1E5B /* UTASnapsTests-Info.plist */,
				C1AACA801944CDCD001C1E5B /* InfoPlist.strings */,
			);
			name = "Supporting Files";
			sourceTree = "<group>";
		};
		C1AACA8D1944CEA7001C1E5B /* imagesvc */ = {
			isa = PBXGroup;
			children = (
				C1BD139E194BF79800940C6D /* popupimage */,
				C1BD1396194BF3CC00940C6D /* collectionview */,
				C1BD1390194BF3B900940C6D /* collectioncell */,
				C1BD138A194BF3A600940C6D /* footer */,
				C1BD1386194BF39500940C6D /* snapscontainer */,
			);
			name = imagesvc;
			sourceTree = "<group>";
		};
		C1AB0C051947AE6100F1C786 /* sessvc */ = {
			isa = PBXGroup;
			children = (
				C1830D9A1944E04A00F901C3 /* SessionViewController.h */,
				C1830D9B1944E04A00F901C3 /* SessionViewController.m */,
				C1830D9C1944E04A00F901C3 /* SessionViewController.xib */,
			);
			name = sessvc;
			sourceTree = "<group>";
		};
		C1AB0C061947B0C200F1C786 /* loginvc */ = {
			isa = PBXGroup;
			children = (
				C1AB0C071947B0D900F1C786 /* LoginViewController.h */,
				C1AB0C081947B0D900F1C786 /* LoginViewController.m */,
				C1AB0C091947B0D900F1C786 /* LoginViewController.xib */,
			);
			name = loginvc;
			sourceTree = "<group>";
		};
		C1AB0C0C1947B8D100F1C786 /* profilevc */ = {
			isa = PBXGroup;
			children = (
				C1A912DD194D4D8100779FE7 /* favoritesVc */,
				C1B2366D194CF30200F44730 /* editProfileVc */,
				C1B23667194CE64D00F44730 /* changePwVc */,
				C1AB0C0D1947B8E600F1C786 /* ProfileViewController.h */,
				C1AB0C0E1947B8E600F1C786 /* ProfileViewController.m */,
				C1AB0C0F1947B8E600F1C786 /* ProfileViewController.xib */,
			);
			name = profilevc;
			sourceTree = "<group>";
		};
		C1B23667194CE64D00F44730 /* changePwVc */ = {
			isa = PBXGroup;
			children = (
				C1B23668194CE66100F44730 /* ChangePasswordViewController.h */,
				C1B23669194CE66100F44730 /* ChangePasswordViewController.m */,
				C1B2366A194CE66100F44730 /* ChangePasswordViewController.xib */,
			);
			name = changePwVc;
			sourceTree = "<group>";
		};
		C1B2366D194CF30200F44730 /* editProfileVc */ = {
			isa = PBXGroup;
			children = (
				C1B2366E194CF31200F44730 /* EditProfileViewController.h */,
				C1B2366F194CF31200F44730 /* EditProfileViewController.m */,
				C1B23670194CF31200F44730 /* EditProfileViewController.xib */,
			);
			name = editProfileVc;
			sourceTree = "<group>";
		};
		C1B324801946CB10005AEEBD /* addText */ = {
			isa = PBXGroup;
			children = (
				C1B324811946CB3F005AEEBD /* AddTextViewController.h */,
				C1B324821946CB3F005AEEBD /* AddTextViewController.m */,
				C1B324831946CB3F005AEEBD /* AddTextViewController.xib */,
			);
			name = addText;
			sourceTree = "<group>";
		};
		C1B64589194514AE0029E166 /* custombtn */ = {
			isa = PBXGroup;
			children = (
				C1B6458A194514C40029E166 /* CustomButton.h */,
				C1B6458B194514C40029E166 /* CustomButton.m */,
			);
			name = custombtn;
			sourceTree = "<group>";
		};
		C1BD1386194BF39500940C6D /* snapscontainer */ = {
			isa = PBXGroup;
			children = (
				C1BD1387194BF39F00940C6D /* SnapContainer.h */,
				C1BD1388194BF39F00940C6D /* SnapContainer.m */,
			);
			name = snapscontainer;
			sourceTree = "<group>";
		};
		C1BD138A194BF3A600940C6D /* footer */ = {
			isa = PBXGroup;
			children = (
				C1BD138B194BF3B300940C6D /* Footer.h */,
				C1BD138C194BF3B300940C6D /* Footer.m */,
				C1BD138D194BF3B300940C6D /* Footer.xib */,
			);
			name = footer;
			sourceTree = "<group>";
		};
		C1BD1390194BF3B900940C6D /* collectioncell */ = {
			isa = PBXGroup;
			children = (
				C1BD1391194BF3C500940C6D /* CollectionCell.h */,
				C1BD1392194BF3C500940C6D /* CollectionCell.xib */,
				C1BD1393194BF3C500940C6D /* CollectionCell.m */,
			);
			name = collectioncell;
			sourceTree = "<group>";
		};
		C1BD1396194BF3CC00940C6D /* collectionview */ = {
			isa = PBXGroup;
			children = (
				C1BD1397194BF3D500940C6D /* CollectionViewController.h */,
				C1BD1398194BF3D500940C6D /* CollectionViewController.m */,
				C1BD1399194BF3D500940C6D /* CollectionViewController.xib */,
			);
			name = collectionview;
			sourceTree = "<group>";
		};
		C1BD139E194BF79800940C6D /* popupimage */ = {
			isa = PBXGroup;
			children = (
				C1BD13A4194BF8A000940C6D /* ImagePopupViewController.h */,
				C1BD13A5194BF8A000940C6D /* ImagePopupViewController.m */,
			);
			name = popupimage;
			sourceTree = "<group>";
		};
		C1E4F7BC19457EDC003510DD /* signupvc */ = {
			isa = PBXGroup;
			children = (
				C1E4F7BD19457EF1003510DD /* SignupViewController.h */,
				C1E4F7BE19457EF1003510DD /* SignupViewController.m */,
				C1E4F7BF19457EF1003510DD /* SignupViewController.xib */,
			);
			name = signupvc;
			sourceTree = "<group>";
		};
		C1E4F7C21945879B003510DD /* choices */ = {
			isa = PBXGroup;
			children = (
				C1830D951944E02100F901C3 /* UploadOptionViewController.h */,
				C1830D961944E02100F901C3 /* UploadOptionViewController.m */,
				C1830D971944E02100F901C3 /* UploadOptionViewController.xib */,
			);
			name = choices;
			sourceTree = "<group>";
		};
		C1E4F7C3194587A8003510DD /* submit */ = {
			isa = PBXGroup;
			children = (
				C1A9E1D219466D4B00F3FB72 /* SubmitViewController.h */,
				C1A9E1D319466D4B00F3FB72 /* SubmitViewController.m */,
			);
			name = submit;
			sourceTree = "<group>";
		};
/* End PBXGroup section */

/* Begin PBXNativeTarget section */
		C1AACA5A1944CDCD001C1E5B /* UTASnaps */ = {
			isa = PBXNativeTarget;
			buildConfigurationList = C1AACA871944CDCD001C1E5B /* Build configuration list for PBXNativeTarget "UTASnaps" */;
			buildPhases = (
				C1AACA571944CDCD001C1E5B /* Sources */,
				C1AACA581944CDCD001C1E5B /* Frameworks */,
				C1AACA591944CDCD001C1E5B /* Resources */,
			);
			buildRules = (
			);
			dependencies = (
			);
			name = UTASnaps;
			productName = UTASnaps;
			productReference = C1AACA5B1944CDCD001C1E5B /* UTASnaps.app */;
			productType = "com.apple.product-type.application";
		};
		C1AACA751944CDCD001C1E5B /* UTASnapsTests */ = {
			isa = PBXNativeTarget;
			buildConfigurationList = C1AACA8A1944CDCD001C1E5B /* Build configuration list for PBXNativeTarget "UTASnapsTests" */;
			buildPhases = (
				C1AACA721944CDCD001C1E5B /* Sources */,
				C1AACA731944CDCD001C1E5B /* Frameworks */,
				C1AACA741944CDCD001C1E5B /* Resources */,
			);
			buildRules = (
			);
			dependencies = (
				C1AACA7C1944CDCD001C1E5B /* PBXTargetDependency */,
			);
			name = UTASnapsTests;
			productName = UTASnapsTests;
			productReference = C1AACA761944CDCD001C1E5B /* UTASnapsTests.xctest */;
			productType = "com.apple.product-type.bundle.unit-test";
		};
/* End PBXNativeTarget section */

/* Begin PBXProject section */
		C1AACA531944CDCD001C1E5B /* Project object */ = {
			isa = PBXProject;
			attributes = {
				LastUpgradeCheck = 0510;
				ORGANIZATIONNAME = com.mobi;
				TargetAttributes = {
					C1AACA5A1944CDCD001C1E5B = {
						DevelopmentTeam = D782EMYT99;
					};
					C1AACA751944CDCD001C1E5B = {
						TestTargetID = C1AACA5A1944CDCD001C1E5B;
					};
				};
			};
			buildConfigurationList = C1AACA561944CDCD001C1E5B /* Build configuration list for PBXProject "UTASnaps" */;
			compatibilityVersion = "Xcode 3.2";
			developmentRegion = English;
			hasScannedForEncodings = 0;
			knownRegions = (
				en,
			);
			mainGroup = C1AACA521944CDCD001C1E5B;
			productRefGroup = C1AACA5C1944CDCD001C1E5B /* Products */;
			projectDirPath = "";
			projectRoot = "";
			targets = (
				C1AACA5A1944CDCD001C1E5B /* UTASnaps */,
				C1AACA751944CDCD001C1E5B /* UTASnapsTests */,
			);
		};
/* End PBXProject section */

/* Begin PBXResourcesBuildPhase section */
		C1AACA591944CDCD001C1E5B /* Resources */ = {
			isa = PBXResourcesBuildPhase;
			buildActionMask = 2147483647;
			files = (
				C1B2366C194CE66100F44730 /* ChangePasswordViewController.xib in Resources */,
				C1BD138F194BF3B300940C6D /* Footer.xib in Resources */,
				C1B23672194CF31200F44730 /* EditProfileViewController.xib in Resources */,
				C1E4F7C119457EF1003510DD /* SignupViewController.xib in Resources */,
				C1830D991944E02100F901C3 /* UploadOptionViewController.xib in Resources */,
				C1BD1394194BF3C500940C6D /* CollectionCell.xib in Resources */,
				C1A912E2194D4E1500779FE7 /* FavoritesTableViewController.xib in Resources */,
				C1AACA691944CDCD001C1E5B /* InfoPlist.strings in Resources */,
				C1BD139B194BF3D500940C6D /* CollectionViewController.xib in Resources */,
				C1AACA711944CDCD001C1E5B /* Images.xcassets in Resources */,
				C1ABB46619463EC60001927F /* doge.jpg in Resources */,
				C1830D9E1944E04A00F901C3 /* SessionViewController.xib in Resources */,
				C1B324851946CB3F005AEEBD /* AddTextViewController.xib in Resources */,
				C1BD139D194BF3DA00940C6D /* placeholder.jpg in Resources */,
				C1AB0C111947B8E600F1C786 /* ProfileViewController.xib in Resources */,
				C1AB0C0B1947B0D900F1C786 /* LoginViewController.xib in Resources */,
			);
			runOnlyForDeploymentPostprocessing = 0;
		};
		C1AACA741944CDCD001C1E5B /* Resources */ = {
			isa = PBXResourcesBuildPhase;
			buildActionMask = 2147483647;
			files = (
				C1AACA821944CDCD001C1E5B /* InfoPlist.strings in Resources */,
			);
			runOnlyForDeploymentPostprocessing = 0;
		};
/* End PBXResourcesBuildPhase section */

/* Begin PBXSourcesBuildPhase section */
		C1AACA571944CDCD001C1E5B /* Sources */ = {
			isa = PBXSourcesBuildPhase;
			buildActionMask = 2147483647;
			files = (
				C1830D981944E02100F901C3 /* UploadOptionViewController.m in Sources */,
				C1AB0C021947A5FD00F1C786 /* ParseInfo.m in Sources */,
				C1BD138E194BF3B300940C6D /* Footer.m in Sources */,
				C1B2366B194CE66100F44730 /* ChangePasswordViewController.m in Sources */,
				C1AB0C0A1947B0D900F1C786 /* LoginViewController.m in Sources */,
				C1830DA21944F00000F901C3 /* CustomNavViewController.m in Sources */,
				C1AB0C101947B8E600F1C786 /* ProfileViewController.m in Sources */,
				C1A9E1D919467DED00F3FB72 /* CustomScrollView.m in Sources */,
				C1AACA6F1944CDCD001C1E5B /* AppDelegate.m in Sources */,
				C1BD139A194BF3D500940C6D /* CollectionViewController.m in Sources */,
				C1B6458C194514C40029E166 /* CustomButton.m in Sources */,
				C1BD1389194BF39F00940C6D /* SnapContainer.m in Sources */,
				C1B23671194CF31200F44730 /* EditProfileViewController.m in Sources */,
				C1BD13A6194BF8A000940C6D /* ImagePopupViewController.m in Sources */,
				C1BD1395194BF3C500940C6D /* CollectionCell.m in Sources */,
				C1A9E1D419466D4B00F3FB72 /* SubmitViewController.m in Sources */,
				C1B324841946CB3F005AEEBD /* AddTextViewController.m in Sources */,
				C1830D9D1944E04A00F901C3 /* SessionViewController.m in Sources */,
				C1A912E1194D4E1500779FE7 /* FavoritesTableViewController.m in Sources */,
				C1E4F7C019457EF1003510DD /* SignupViewController.m in Sources */,
				C1AACA6B1944CDCD001C1E5B /* main.m in Sources */,
			);
			runOnlyForDeploymentPostprocessing = 0;
		};
		C1AACA721944CDCD001C1E5B /* Sources */ = {
			isa = PBXSourcesBuildPhase;
			buildActionMask = 2147483647;
			files = (
				C1AACA841944CDCD001C1E5B /* UTASnapsTests.m in Sources */,
			);
			runOnlyForDeploymentPostprocessing = 0;
		};
/* End PBXSourcesBuildPhase section */

/* Begin PBXTargetDependency section */
		C1AACA7C1944CDCD001C1E5B /* PBXTargetDependency */ = {
			isa = PBXTargetDependency;
			target = C1AACA5A1944CDCD001C1E5B /* UTASnaps */;
			targetProxy = C1AACA7B1944CDCD001C1E5B /* PBXContainerItemProxy */;
		};
/* End PBXTargetDependency section */

/* Begin PBXVariantGroup section */
		C1AACA671944CDCD001C1E5B /* InfoPlist.strings */ = {
			isa = PBXVariantGroup;
			children = (
				C1AACA681944CDCD001C1E5B /* en */,
			);
			name = InfoPlist.strings;
			sourceTree = "<group>";
		};
		C1AACA801944CDCD001C1E5B /* InfoPlist.strings */ = {
			isa = PBXVariantGroup;
			children = (
				C1AACA811944CDCD001C1E5B /* en */,
			);
			name = InfoPlist.strings;
			sourceTree = "<group>";
		};
/* End PBXVariantGroup section */

/* Begin XCBuildConfiguration section */
		C1AACA851944CDCD001C1E5B /* Debug */ = {
			isa = XCBuildConfiguration;
			buildSettings = {
				ALWAYS_SEARCH_USER_PATHS = NO;
				CLANG_CXX_LANGUAGE_STANDARD = "gnu++0x";
				CLANG_CXX_LIBRARY = "libc++";
				CLANG_ENABLE_MODULES = YES;
				CLANG_ENABLE_OBJC_ARC = YES;
				CLANG_WARN_BOOL_CONVERSION = YES;
				CLANG_WARN_CONSTANT_CONVERSION = YES;
				CLANG_WARN_DIRECT_OBJC_ISA_USAGE = YES_ERROR;
				CLANG_WARN_EMPTY_BODY = YES;
				CLANG_WARN_ENUM_CONVERSION = YES;
				CLANG_WARN_INT_CONVERSION = YES;
				CLANG_WARN_OBJC_ROOT_CLASS = YES_ERROR;
				CLANG_WARN__DUPLICATE_METHOD_MATCH = YES;
				"CODE_SIGN_IDENTITY[sdk=iphoneos*]" = "iPhone Developer";
				COPY_PHASE_STRIP = NO;
				GCC_C_LANGUAGE_STANDARD = gnu99;
				GCC_DYNAMIC_NO_PIC = NO;
				GCC_OPTIMIZATION_LEVEL = 0;
				GCC_PREPROCESSOR_DEFINITIONS = (
					"DEBUG=1",
					"$(inherited)",
				);
				GCC_SYMBOLS_PRIVATE_EXTERN = NO;
				GCC_WARN_64_TO_32_BIT_CONVERSION = YES;
				GCC_WARN_ABOUT_RETURN_TYPE = YES_ERROR;
				GCC_WARN_UNDECLARED_SELECTOR = YES;
				GCC_WARN_UNINITIALIZED_AUTOS = YES_AGGRESSIVE;
				GCC_WARN_UNUSED_FUNCTION = YES;
				GCC_WARN_UNUSED_VARIABLE = YES;
				IPHONEOS_DEPLOYMENT_TARGET = 7.1;
				ONLY_ACTIVE_ARCH = YES;
				SDKROOT = iphoneos;
			};
			name = Debug;
		};
		C1AACA861944CDCD001C1E5B /* Release */ = {
			isa = XCBuildConfiguration;
			buildSettings = {
				ALWAYS_SEARCH_USER_PATHS = NO;
				CLANG_CXX_LANGUAGE_STANDARD = "gnu++0x";
				CLANG_CXX_LIBRARY = "libc++";
				CLANG_ENABLE_MODULES = YES;
				CLANG_ENABLE_OBJC_ARC = YES;
				CLANG_WARN_BOOL_CONVERSION = YES;
				CLANG_WARN_CONSTANT_CONVERSION = YES;
				CLANG_WARN_DIRECT_OBJC_ISA_USAGE = YES_ERROR;
				CLANG_WARN_EMPTY_BODY = YES;
				CLANG_WARN_ENUM_CONVERSION = YES;
				CLANG_WARN_INT_CONVERSION = YES;
				CLANG_WARN_OBJC_ROOT_CLASS = YES_ERROR;
				CLANG_WARN__DUPLICATE_METHOD_MATCH = YES;
				"CODE_SIGN_IDENTITY[sdk=iphoneos*]" = "iPhone Developer";
				COPY_PHASE_STRIP = YES;
				ENABLE_NS_ASSERTIONS = NO;
				GCC_C_LANGUAGE_STANDARD = gnu99;
				GCC_WARN_64_TO_32_BIT_CONVERSION = YES;
				GCC_WARN_ABOUT_RETURN_TYPE = YES_ERROR;
				GCC_WARN_UNDECLARED_SELECTOR = YES;
				GCC_WARN_UNINITIALIZED_AUTOS = YES_AGGRESSIVE;
				GCC_WARN_UNUSED_FUNCTION = YES;
				GCC_WARN_UNUSED_VARIABLE = YES;
				IPHONEOS_DEPLOYMENT_TARGET = 7.1;
				SDKROOT = iphoneos;
				VALIDATE_PRODUCT = YES;
			};
			name = Release;
		};
		C1AACA881944CDCD001C1E5B /* Debug */ = {
			isa = XCBuildConfiguration;
			buildSettings = {
				ASSETCATALOG_COMPILER_APPICON_NAME = AppIcon;
				ASSETCATALOG_COMPILER_LAUNCHIMAGE_NAME = LaunchImage;
				CODE_SIGN_IDENTITY = "iPhone Developer";
				"CODE_SIGN_IDENTITY[sdk=iphoneos*]" = "iPhone Developer";
				FRAMEWORK_SEARCH_PATHS = (
					"$(inherited)",
					"$(PROJECT_DIR)",
				);
				GCC_PRECOMPILE_PREFIX_HEADER = YES;
				GCC_PREFIX_HEADER = "UTASnaps/UTASnaps-Prefix.pch";
				INFOPLIST_FILE = "UTASnaps/UTASnaps-Info.plist";
				IPHONEOS_DEPLOYMENT_TARGET = 7.1;
				PRODUCT_NAME = "$(TARGET_NAME)";
				PROVISIONING_PROFILE = "";
				TARGETED_DEVICE_FAMILY = "1,2";
				WRAPPER_EXTENSION = app;
			};
			name = Debug;
		};
		C1AACA891944CDCD001C1E5B /* Release */ = {
			isa = XCBuildConfiguration;
			buildSettings = {
				ASSETCATALOG_COMPILER_APPICON_NAME = AppIcon;
				ASSETCATALOG_COMPILER_LAUNCHIMAGE_NAME = LaunchImage;
				CODE_SIGN_IDENTITY = "iPhone Developer";
				"CODE_SIGN_IDENTITY[sdk=iphoneos*]" = "iPhone Developer";
				FRAMEWORK_SEARCH_PATHS = (
					"$(inherited)",
					"$(PROJECT_DIR)",
				);
				GCC_PRECOMPILE_PREFIX_HEADER = YES;
				GCC_PREFIX_HEADER = "UTASnaps/UTASnaps-Prefix.pch";
				INFOPLIST_FILE = "UTASnaps/UTASnaps-Info.plist";
				IPHONEOS_DEPLOYMENT_TARGET = 7.1;
				PRODUCT_NAME = "$(TARGET_NAME)";
				PROVISIONING_PROFILE = "";
				TARGETED_DEVICE_FAMILY = "1,2";
				WRAPPER_EXTENSION = app;
			};
			name = Release;
		};
		C1AACA8B1944CDCD001C1E5B /* Debug */ = {
			isa = XCBuildConfiguration;
			buildSettings = {
				BUNDLE_LOADER = "$(BUILT_PRODUCTS_DIR)/UTASnaps.app/UTASnaps";
				FRAMEWORK_SEARCH_PATHS = (
					"$(SDKROOT)/Developer/Library/Frameworks",
					"$(inherited)",
					"$(DEVELOPER_FRAMEWORKS_DIR)",
				);
				GCC_PRECOMPILE_PREFIX_HEADER = YES;
				GCC_PREFIX_HEADER = "UTASnaps/UTASnaps-Prefix.pch";
				GCC_PREPROCESSOR_DEFINITIONS = (
					"DEBUG=1",
					"$(inherited)",
				);
				INFOPLIST_FILE = "UTASnapsTests/UTASnapsTests-Info.plist";
				PRODUCT_NAME = "$(TARGET_NAME)";
				TEST_HOST = "$(BUNDLE_LOADER)";
				WRAPPER_EXTENSION = xctest;
			};
			name = Debug;
		};
		C1AACA8C1944CDCD001C1E5B /* Release */ = {
			isa = XCBuildConfiguration;
			buildSettings = {
				BUNDLE_LOADER = "$(BUILT_PRODUCTS_DIR)/UTASnaps.app/UTASnaps";
				FRAMEWORK_SEARCH_PATHS = (
					"$(SDKROOT)/Developer/Library/Frameworks",
					"$(inherited)",
					"$(DEVELOPER_FRAMEWORKS_DIR)",
				);
				GCC_PRECOMPILE_PREFIX_HEADER = YES;
				GCC_PREFIX_HEADER = "UTASnaps/UTASnaps-Prefix.pch";
				INFOPLIST_FILE = "UTASnapsTests/UTASnapsTests-Info.plist";
				PRODUCT_NAME = "$(TARGET_NAME)";
				TEST_HOST = "$(BUNDLE_LOADER)";
				WRAPPER_EXTENSION = xctest;
			};
			name = Release;
		};
/* End XCBuildConfiguration section */

/* Begin XCConfigurationList section */
		C1AACA561944CDCD001C1E5B /* Build configuration list for PBXProject "UTASnaps" */ = {
			isa = XCConfigurationList;
			buildConfigurations = (
				C1AACA851944CDCD001C1E5B /* Debug */,
				C1AACA861944CDCD001C1E5B /* Release */,
			);
			defaultConfigurationIsVisible = 0;
			defaultConfigurationName = Release;
		};
		C1AACA871944CDCD001C1E5B /* Build configuration list for PBXNativeTarget "UTASnaps" */ = {
			isa = XCConfigurationList;
			buildConfigurations = (
				C1AACA881944CDCD001C1E5B /* Debug */,
				C1AACA891944CDCD001C1E5B /* Release */,
			);
			defaultConfigurationIsVisible = 0;
			defaultConfigurationName = Release;
		};
		C1AACA8A1944CDCD001C1E5B /* Build configuration list for PBXNativeTarget "UTASnapsTests" */ = {
			isa = XCConfigurationList;
			buildConfigurations = (
				C1AACA8B1944CDCD001C1E5B /* Debug */,
				C1AACA8C1944CDCD001C1E5B /* Release */,
			);
			defaultConfigurationIsVisible = 0;
			defaultConfigurationName = Release;
		};
/* End XCConfigurationList section */
	};
	rootObject = C1AACA531944CDCD001C1E5B /* Project object */;
}
